
Microsoft Visual Studio Solution File, Format Version 12.00
# Visual Studio 14
VisualStudioVersion = 14.0.24720.0
MinimumVisualStudioVersion = 10.0.40219.1
Project("{FAE04EC0-301F-11D3-BF4B-00C04F79EFBC}") = "nwp.marhei.mobilephoneLibary", "nwp.marhei.mobilephoneLibary\nwp.marhei.mobilephoneLibary.csproj", "{844D1DFE-D4E7-49BA-84E0-212349F09C48}"
EndProject
Project("{FAE04EC0-301F-11D3-BF4B-00C04F79EFBC}") = "nwp.marhei.mobilephone", "nwp.marhei.mobilephone\nwp.marhei.mobilephone.csproj", "{03529D3E-41C2-47B9-8902-36D0385B1EB9}"
EndProject
Project("{FAE04EC0-301F-11D3-BF4B-00C04F79EFBC}") = "nwp.marhei.InterfaceExample", "ConsoleApplication1\nwp.marhei.InterfaceExample.csproj", "{ED03E3F8-5858-45A9-9774-076DDA54D2D1}"
EndProject
Project("{FAE04EC0-301F-11D3-BF4B-00C04F79EFBC}") = "nwp.marhei.GUI_WPF3", "GUI_WPF3\nwp.marhei.GUI_WPF3.csproj", "{3544845E-A56B-47A0-AC4E-A8DACD5E3729}"
EndProject
Global
	GlobalSection(SolutionConfigurationPlatforms) = preSolution
		Debug|Any CPU = Debug|Any CPU
		Debug|Mixed Platforms = Debug|Mixed Platforms
		Debug|x86 = Debug|x86
		Release|Any CPU = Release|Any CPU
		Release|Mixed Platforms = Release|Mixed Platforms
		Release|x86 = Release|x86
	EndGlobalSection
	GlobalSection(ProjectConfigurationPlatforms) = postSolution
		{844D1DFE-D4E7-49BA-84E0-212349F09C48}.Debug|Any CPU.ActiveCfg = Debug|Any CPU
		{844D1DFE-D4E7-49BA-84E0-212349F09C48}.Debug|Any CPU.Build.0 = Debug|Any CPU
		{844D1DFE-D4E7-49BA-84E0-212349F09C48}.Debug|Mixed Platforms.ActiveCfg = Debug|Any CPU
		{844D1DFE-D4E7-49BA-84E0-212349F09C48}.Debug|Mixed Platforms.Build.0 = Debug|Any CPU
		{844D1DFE-D4E7-49BA-84E0-212349F09C48}.Debug|x86.ActiveCfg = Debug|Any CPU
		{844D1DFE-D4E7-49BA-84E0-212349F09C48}.Release|Any CPU.ActiveCfg = Release|Any CPU
		{844D1DFE-D4E7-49BA-84E0-212349F09C48}.Release|Any CPU.Build.0 = Release|Any CPU
		{844D1DFE-D4E7-49BA-84E0-212349F09C48}.Release|Mixed Platforms.ActiveCfg = Release|Any CPU
		{844D1DFE-D4E7-49BA-84E0-212349F09C48}.Release|Mixed Platforms.Build.0 = Release|Any CPU
		{844D1DFE-D4E7-49BA-84E0-212349F09C48}.Release|x86.ActiveCfg = Release|Any CPU
		{03529D3E-41C2-47B9-8902-36D0385B1EB9}.Debug|Any CPU.ActiveCfg = Debug|x86
		{03529D3E-41C2-47B9-8902-36D0385B1EB9}.Debug|Mixed Platforms.ActiveCfg = Debug|x86
		{03529D3E-41C2-47B9-8902-36D0385B1EB9}.Debug|Mixed Platforms.Build.0 = Debug|x86
		{03529D3E-41C2-47B9-8902-36D0385B1EB9}.Debug|x86.ActiveCfg = Debug|x86
		{03529D3E-41C2-47B9-8902-36D0385B1EB9}.Debug|x86.Build.0 = Debug|x86
		{03529D3E-41C2-47B9-8902-36D0385B1EB9}.Release|Any CPU.ActiveCfg = Release|x86
		{03529D3E-41C2-47B9-8902-36D0385B1EB9}.Release|Mixed Platforms.ActiveCfg = Release|x86
		{03529D3E-41C2-47B9-8902-36D0385B1EB9}.Release|Mixed Platforms.Build.0 = Release|x86
		{03529D3E-41C2-47B9-8902-36D0385B1EB9}.Release|x86.ActiveCfg = Release|x86
		{03529D3E-41C2-47B9-8902-36D0385B1EB9}.Release|x86.Build.0 = Release|x86
		{ED03E3F8-5858-45A9-9774-076DDA54D2D1}.Debug|Any CPU.ActiveCfg = Debug|Any CPU
		{ED03E3F8-5858-45A9-9774-076DDA54D2D1}.Debug|Any CPU.Build.0 = Debug|Any CPU
		{ED03E3F8-5858-45A9-9774-076DDA54D2D1}.Debug|Mixed Platforms.ActiveCfg = Debug|Any CPU
		{ED03E3F8-5858-45A9-9774-076DDA54D2D1}.Debug|Mixed Platforms.Build.0 = Debug|Any CPU
		{ED03E3F8-5858-45A9-9774-076DDA54D2D1}.Debug|x86.ActiveCfg = Debug|Any CPU
		{ED03E3F8-5858-45A9-9774-076DDA54D2D1}.Debug|x86.Build.0 = Debug|Any CPU
		{ED03E3F8-5858-45A9-9774-076DDA54D2D1}.Release|Any CPU.ActiveCfg = Release|Any CPU
		{ED03E3F8-5858-45A9-9774-076DDA54D2D1}.Release|Any CPU.Build.0 = Release|Any CPU
		{ED03E3F8-5858-45A9-9774-076DDA54D2D1}.Release|Mixed Platforms.ActiveCfg = Release|Any CPU
		{ED03E3F8-5858-45A9-9774-076DDA54D2D1}.Release|Mixed Platforms.Build.0 = Release|Any CPU
		{ED03E3F8-5858-45A9-9774-076DDA54D2D1}.Release|x86.ActiveCfg = Release|Any CPU
		{ED03E3F8-5858-45A9-9774-076DDA54D2D1}.Release|x86.Build.0 = Release|Any CPU
		{3544845E-A56B-47A0-AC4E-A8DACD5E3729}.Debug|Any CPU.ActiveCfg = Debug|Any CPU
		{3544845E-A56B-47A0-AC4E-A8DACD5E3729}.Debug|Any CPU.Build.0 = Debug|Any CPU
		{3544845E-A56B-47A0-AC4E-A8DACD5E3729}.Debug|Mixed Platforms.ActiveCfg = Debug|Any CPU
		{3544845E-A56B-47A0-AC4E-A8DACD5E3729}.Debug|Mixed Platforms.Build.0 = Debug|Any CPU
		{3544845E-A56B-47A0-AC4E-A8DACD5E3729}.Debug|x86.ActiveCfg = Debug|Any CPU
		{3544845E-A56B-47A0-AC4E-A8DACD5E3729}.Debug|x86.Build.0 = Debug|Any CPU
		{3544845E-A56B-47A0-AC4E-A8DACD5E3729}.Release|Any CPU.ActiveCfg = Release|Any CPU
		{3544845E-A56B-47A0-AC4E-A8DACD5E3729}.Release|Any CPU.Build.0 = Release|Any CPU
		{3544845E-A56B-47A0-AC4E-A8DACD5E3729}.Release|Mixed Platforms.ActiveCfg = Release|Any CPU
		{3544845E-A56B-47A0-AC4E-A8DACD5E3729}.Release|Mixed Platforms.Build.0 = Release|Any CPU
		{3544845E-A56B-47A0-AC4E-A8DACD5E3729}.Release|x86.ActiveCfg = Release|Any CPU
		{3544845E-A56B-47A0-AC4E-A8DACD5E3729}.Release|x86.Build.0 = Release|Any CPU
	EndGlobalSection
	GlobalSection(SolutionProperties) = preSolution
		HideSolutionNode = FALSE
	EndGlobalSection
EndGlobal
